// !$*UTF8*$!
{
	archiveVersion = 1;
	classes = {
	};
	objectVersion = 46;
	objects = {

/* Begin PBXBuildFile section */
		1599F4E819F5D245000E5734 /* main.m in Sources */ = {isa = PBXBuildFile; fileRef = 1599F4E719F5D245000E5734 /* main.m */; };
		1599F4EB19F5D245000E5734 /* AppDelegate.m in Sources */ = {isa = PBXBuildFile; fileRef = 1599F4EA19F5D245000E5734 /* AppDelegate.m */; };
		1599F4EE19F5D245000E5734 /* ViewController.m in Sources */ = {isa = PBXBuildFile; fileRef = 1599F4ED19F5D245000E5734 /* ViewController.m */; };
		1599F4F119F5D245000E5734 /* Main.storyboard in Resources */ = {isa = PBXBuildFile; fileRef = 1599F4EF19F5D245000E5734 /* Main.storyboard */; };
		1599F4F319F5D245000E5734 /* Images.xcassets in Resources */ = {isa = PBXBuildFile; fileRef = 1599F4F219F5D245000E5734 /* Images.xcassets */; };
		1599F4F619F5D245000E5734 /* LaunchScreen.xib in Resources */ = {isa = PBXBuildFile; fileRef = 1599F4F419F5D245000E5734 /* LaunchScreen.xib */; };
		1599F50219F5D246000E5734 /* ClockAndProgressBarTests.m in Sources */ = {isa = PBXBuildFile; fileRef = 1599F50119F5D246000E5734 /* ClockAndProgressBarTests.m */; };
/* End PBXBuildFile section */

/* Begin PBXContainerItemProxy section */
		1599F4FC19F5D246000E5734 /* PBXContainerItemProxy */ = {
			isa = PBXContainerItemProxy;
			containerPortal = 1599F4DA19F5D245000E5734 /* Project object */;
			proxyType = 1;
			remoteGlobalIDString = 1599F4E119F5D245000E5734;
			remoteInfo = ClockAndProgressBar;
		};
/* End PBXContainerItemProxy section */

/* Begin PBXFileReference section */
		1599F4E219F5D245000E5734 /* ClockAndProgressBar.app */ = {isa = PBXFileReference; explicitFileType = wrapper.application; includeInIndex = 0; path = ClockAndProgressBar.app; sourceTree = BUILT_PRODUCTS_DIR; };
		1599F4E619F5D245000E5734 /* Info.plist */ = {isa = PBXFileReference; lastKnownFileType = text.plist.xml; path = Info.plist; sourceTree = "<group>"; };
		1599F4E719F5D245000E5734 /* main.m */ = {isa = PBXFileReference; lastKnownFileType = sourcecode.c.objc; path = main.m; sourceTree = "<group>"; };
		1599F4E919F5D245000E5734 /* AppDelegate.h */ = {isa = PBXFileReference; lastKnownFileType = sourcecode.c.h; path = AppDelegate.h; sourceTree = "<group>"; };
		1599F4EA19F5D245000E5734 /* AppDelegate.m */ = {isa = PBXFileReference; lastKnownFileType = sourcecode.c.objc; path = AppDelegate.m; sourceTree = "<group>"; };
		1599F4EC19F5D245000E5734 /* ViewController.h */ = {isa = PBXFileReference; lastKnownFileType = sourcecode.c.h; path = ViewController.h; sourceTree = "<group>"; };
		1599F4ED19F5D245000E5734 /* ViewController.m */ = {isa = PBXFileReference; lastKnownFileType = sourcecode.c.objc; path = ViewController.m; sourceTree = "<group>"; };
		1599F4F019F5D245000E5734 /* Base */ = {isa = PBXFileReference; lastKnownFileType = file.storyboard; name = Base; path = Base.lproj/Main.storyboard; sourceTree = "<group>"; };
		1599F4F219F5D245000E5734 /* Images.xcassets */ = {isa = PBXFileReference; lastKnownFileType = folder.assetcatalog; path = Images.xcassets; sourceTree = "<group>"; };
		1599F4F519F5D245000E5734 /* Base */ = {isa = PBXFileReference; lastKnownFileType = file.xib; name = Base; path = Base.lproj/LaunchScreen.xib; sourceTree = "<group>"; };
		1599F4FB19F5D246000E5734 /* ClockAndProgressBarTests.xctest */ = {isa = PBXFileReference; explicitFileType = wrapper.cfbundle; includeInIndex = 0; path = ClockAndProgressBarTests.xctest; sourceTree = BUILT_PRODUCTS_DIR; };
		1599F50019F5D246000E5734 /* Info.plist */ = {isa = PBXFileReference; lastKnownFileType = text.plist.xml; path = Info.plist; sourceTree = "<group>"; };
		1599F50119F5D246000E5734 /* ClockAndProgressBarTests.m */ = {isa = PBXFileReference; lastKnownFileType = sourcecode.c.objc; path = ClockAndProgressBarTests.m; sourceTree = "<group>"; };
/* End PBXFileReference section */

/* Begin PBXFrameworksBuildPhase section */
		1599F4DF19F5D245000E5734 /* Frameworks */ = {
			isa = PBXFrameworksBuildPhase;
			buildActionMask = 2147483647;
			files = (
			);
			runOnlyForDeploymentPostprocessing = 0;
		};
		1599F4F819F5D246000E5734 /* Frameworks */ = {
			isa = PBXFrameworksBuildPhase;
			buildActionMask = 2147483647;
			files = (
			);
			runOnlyForDeploymentPostprocessing = 0;
		};
/* End PBXFrameworksBuildPhase section */

/* Begin PBXGroup section */
		1599F4D919F5D244000E5734 = {
			isa = PBXGroup;
			children = (
				1599F4E419F5D245000E5734 /* ClockAndProgressBar */,
				1599F4FE19F5D246000E5734 /* ClockAndProgressBarTests */,
				1599F4E319F5D245000E5734 /* Products */,
			);
			sourceTree = "<group>";
		};
		1599F4E319F5D245000E5734 /* Products */ = {
			isa = PBXGroup;
			children = (
				1599F4E219F5D245000E5734 /* ClockAndProgressBar.app */,
				1599F4FB19F5D246000E5734 /* ClockAndProgressBarTests.xctest */,
			);
			name = Products;
			sourceTree = "<group>";
		};
		1599F4E419F5D245000E5734 /* ClockAndProgressBar */ = {
			isa = PBXGroup;
			children = (
				1599F4E919F5D245000E5734 /* AppDelegate.h */,
				1599F4EA19F5D245000E5734 /* AppDelegate.m */,
				1599F4EC19F5D245000E5734 /* ViewController.h */,
				1599F4ED19F5D245000E5734 /* ViewController.m */,
				1599F4EF19F5D245000E5734 /* Main.storyboard */,
				1599F4F219F5D245000E5734 /* Images.xcassets */,
				1599F4F419F5D245000E5734 /* LaunchScreen.xib */,
				1599F4E519F5D245000E5734 /* Supporting Files */,
			);
			path = ClockAndProgressBar;
			sourceTree = "<group>";
		};
		1599F4E519F5D245000E5734 /* Supporting Files */ = {
			isa = PBXGroup;
			children = (
				1599F4E619F5D245000E5734 /* Info.plist */,
				1599F4E719F5D245000E5734 /* main.m */,
			);
			name = "Supporting Files";
			sourceTree = "<group>";
		};
		1599F4FE19F5D246000E5734 /* ClockAndProgressBarTests */ = {
			isa = PBXGroup;
			children = (
				1599F50119F5D246000E5734 /* ClockAndProgressBarTests.m */,
				1599F4FF19F5D246000E5734 /* Supporting Files */,
			);
			path = ClockAndProgressBarTests;
			sourceTree = "<group>";
		};
		1599F4FF19F5D246000E5734 /* Supporting Files */ = {
			isa = PBXGroup;
			children = (
				1599F50019F5D246000E5734 /* Info.plist */,
			);
			name = "Supporting Files";
			sourceTree = "<group>";
		};
/* End PBXGroup section */

/* Begin PBXNativeTarget section */
		1599F4E119F5D245000E5734 /* ClockAndProgressBar */ = {
			isa = PBXNativeTarget;
			buildConfigurationList = 1599F50519F5D246000E5734 /* Build configuration list for PBXNativeTarget "ClockAndProgressBar" */;
			buildPhases = (
				1599F4DE19F5D245000E5734 /* Sources */,
				1599F4DF19F5D245000E5734 /* Frameworks */,
				1599F4E019F5D245000E5734 /* Resources */,
			);
			buildRules = (
			);
			dependencies = (
			);
			name = ClockAndProgressBar;
			productName = ClockAndProgressBar;
			productReference = 1599F4E219F5D245000E5734 /* ClockAndProgressBar.app */;
			productType = "com.apple.product-type.application";
		};
		1599F4FA19F5D246000E5734 /* ClockAndProgressBarTests */ = {
			isa = PBXNativeTarget;
			buildConfigurationList = 1599F50819F5D246000E5734 /* Build configuration list for PBXNativeTarget "ClockAndProgressBarTests" */;
			buildPhases = (
				1599F4F719F5D246000E5734 /* Sources */,
				1599F4F819F5D246000E5734 /* Frameworks */,
				1599F4F919F5D246000E5734 /* Resources */,
			);
			buildRules = (
			);
			dependencies = (
				1599F4FD19F5D246000E5734 /* PBXTargetDependency */,
			);
			name = ClockAndProgressBarTests;
			productName = ClockAndProgressBarTests;
			productReference = 1599F4FB19F5D246000E5734 /* ClockAndProgressBarTests.xctest */;
			productType = "com.apple.product-type.bundle.unit-test";
		};
/* End PBXNativeTarget section */

/* Begin PBXProject section */
		1599F4DA19F5D245000E5734 /* Project object */ = {
			isa = PBXProject;
			attributes = {
				LastUpgradeCheck = 0610;
				ORGANIZATIONNAME = Bruno;
				TargetAttributes = {
					1599F4E119F5D245000E5734 = {
						CreatedOnToolsVersion = 6.1;
					};
					1599F4FA19F5D246000E5734 = {
						CreatedOnToolsVersion = 6.1;
						TestTargetID = 1599F4E119F5D245000E5734;
					};
				};
			};
			buildConfigurationList = 1599F4DD19F5D245000E5734 /* Build configuration list for PBXProject "ClockAndProgressBar" */;
			compatibilityVersion = "Xcode 3.2";
			developmentRegion = English;
			hasScannedForEncodings = 0;
			knownRegions = (
				en,
				Base,
			);
			mainGroup = 1599F4D919F5D244000E5734;
			productRefGroup = 1599F4E319F5D245000E5734 /* Products */;
			projectDirPath = "";
			projectRoot = "";
			targets = (
				1599F4E119F5D245000E5734 /* ClockAndProgressBar */,
				1599F4FA19F5D246000E5734 /* ClockAndProgressBarTests */,
			);
		};
/* End PBXProject section */

/* Begin PBXResourcesBuildPhase section */
		1599F4E019F5D245000E5734 /* Resources */ = {
			isa = PBXResourcesBuildPhase;
			buildActionMask = 2147483647;
			files = (
				1599F4F119F5D245000E5734 /* Main.storyboard in Resources */,
				1599F4F619F5D245000E5734 /* LaunchScreen.xib in Resources */,
				1599F4F319F5D245000E5734 /* Images.xcassets in Resources */,
			);
			runOnlyForDeploymentPostprocessing = 0;
		};
		1599F4F919F5D246000E5734 /* Resources */ = {
			isa = PBXResourcesBuildPhase;
			buildActionMask = 2147483647;
			files = (
			);
			runOnlyForDeploymentPostprocessing = 0;
		};
/* End PBXResourcesBuildPhase section */

/* Begin PBXSourcesBuildPhase section */
		1599F4DE19F5D245000E5734 /* Sources */ = {
			isa = PBXSourcesBuildPhase;
			buildActionMask = 2147483647;
			files = (
				1599F4EE19F5D245000E5734 /* ViewController.m in Sources */,
				1599F4EB19F5D245000E5734 /* AppDelegate.m in Sources */,
				1599F4E819F5D245000E5734 /* main.m in Sources */,
			);
			runOnlyForDeploymentPostprocessing = 0;
		};
		1599F4F719F5D246000E5734 /* Sources */ = {
			isa = PBXSourcesBuildPhase;
			buildActionMask = 2147483647;
			files = (
				1599F50219F5D246000E5734 /* ClockAndProgressBarTests.m in Sources */,
			);
			runOnlyForDeploymentPostprocessing = 0;
		};
/* End PBXSourcesBuildPhase section */

/* Begin PBXTargetDependency section */
		1599F4FD19F5D246000E5734 /* PBXTargetDependency */ = {
			isa = PBXTargetDependency;
			target = 1599F4E119F5D245000E5734 /* ClockAndProgressBar */;
			targetProxy = 1599F4FC19F5D246000E5734 /* PBXContainerItemProxy */;
		};
/* End PBXTargetDependency section */

/* Begin PBXVariantGroup section */
		1599F4EF19F5D245000E5734 /* Main.storyboard */ = {
			isa = PBXVariantGroup;
			children = (
				1599F4F019F5D245000E5734 /* Base */,
			);
			name = Main.storyboard;
			sourceTree = "<group>";
		};
		1599F4F419F5D245000E5734 /* LaunchScreen.xib */ = {
			isa = PBXVariantGroup;
			children = (
				1599F4F519F5D245000E5734 /* Base */,
			);
			name = LaunchScreen.xib;
			sourceTree = "<group>";
		};
/* End PBXVariantGroup section */

/* Begin XCBuildConfiguration section */
		1599F50319F5D246000E5734 /* Debug */ = {
			isa = XCBuildConfiguration;
			buildSettings = {
				ALWAYS_SEARCH_USER_PATHS = NO;
				CLANG_CXX_LANGUAGE_STANDARD = "gnu++0x";
				CLANG_CXX_LIBRARY = "libc++";
				CLANG_ENABLE_MODULES = YES;
				CLANG_ENABLE_OBJC_ARC = YES;
				CLANG_WARN_BOOL_CONVERSION = YES;
				CLANG_WARN_CONSTANT_CONVERSION = YES;
				CLANG_WARN_DIRECT_OBJC_ISA_USAGE = YES_ERROR;
				CLANG_WARN_EMPTY_BODY = YES;
				CLANG_WARN_ENUM_CONVERSION = YES;
				CLANG_WARN_INT_CONVERSION = YES;
				CLANG_WARN_OBJC_ROOT_CLASS = YES_ERROR;
				CLANG_WARN_UNREACHABLE_CODE = YES;
				CLANG_WARN__DUPLICATE_METHOD_MATCH = YES;
				"CODE_SIGN_IDENTITY[sdk=iphoneos*]" = "iPhone Developer";
				COPY_PHASE_STRIP = NO;
				ENABLE_STRICT_OBJC_MSGSEND = YES;
				GCC_C_LANGUAGE_STANDARD = gnu99;
				GCC_DYNAMIC_NO_PIC = NO;
				GCC_OPTIMIZATION_LEVEL = 0;
				GCC_PREPROCESSOR_DEFINITIONS = (
					"DEBUG=1",
					"$(inherited)",
				);
				GCC_SYMBOLS_PRIVATE_EXTERN = NO;
				GCC_WARN_64_TO_32_BIT_CONVERSION = YES;
				GCC_WARN_ABOUT_RETURN_TYPE = YES_ERROR;
				GCC_WARN_UNDECLARED_SELECTOR = YES;
				GCC_WARN_UNINITIALIZED_AUTOS = YES_AGGRESSIVE;
				GCC_WARN_UNUSED_FUNCTION = YES;
				GCC_WARN_UNUSED_VARIABLE = YES;
				IPHONEOS_DEPLOYMENT_TARGET = 8.1;
				MTL_ENABLE_DEBUG_INFO = YES;
				ONLY_ACTIVE_ARCH = YES;
				SDKROOT = iphoneos;
			};
			name = Debug;
		};
		1599F50419F5D246000E5734 /* Release */ = {
			isa = XCBuildConfiguration;
			buildSettings = {
				ALWAYS_SEARCH_USER_PATHS = NO;
				CLANG_CXX_LANGUAGE_STANDARD = "gnu++0x";
				CLANG_CXX_LIBRARY = "libc++";
				CLANG_ENABLE_MODULES = YES;
				CLANG_ENABLE_OBJC_ARC = YES;
				CLANG_WARN_BOOL_CONVERSION = YES;
				CLANG_WARN_CONSTANT_CONVERSION = YES;
				CLANG_WARN_DIRECT_OBJC_ISA_USAGE = YES_ERROR;
				CLANG_WARN_EMPTY_BODY = YES;
				CLANG_WARN_ENUM_CONVERSION = YES;
				CLANG_WARN_INT_CONVERSION = YES;
				CLANG_WARN_OBJC_ROOT_CLASS = YES_ERROR;
				CLANG_WARN_UNREACHABLE_CODE = YES;
				CLANG_WARN__DUPLICATE_METHOD_MATCH = YES;
				"CODE_SIGN_IDENTITY[sdk=iphoneos*]" = "iPhone Developer";
				COPY_PHASE_STRIP = YES;
				ENABLE_NS_ASSERTIONS = NO;
				ENABLE_STRICT_OBJC_MSGSEND = YES;
				GCC_C_LANGUAGE_STANDARD = gnu99;
				GCC_WARN_64_TO_32_BIT_CONVERSION = YES;
				GCC_WARN_ABOUT_RETURN_TYPE = YES_ERROR;
				GCC_WARN_UNDECLARED_SELECTOR = YES;
				GCC_WARN_UNINITIALIZED_AUTOS = YES_AGGRESSIVE;
				GCC_WARN_UNUSED_FUNCTION = YES;
				GCC_WARN_UNUSED_VARIABLE = YES;
				IPHONEOS_DEPLOYMENT_TARGET = 8.1;
				MTL_ENABLE_DEBUG_INFO = NO;
				SDKROOT = iphoneos;
				VALIDATE_PRODUCT = YES;
			};
			name = Release;
		};
		1599F50619F5D246000E5734 /* Debug */ = {
			isa = XCBuildConfiguration;
			buildSettings = {
				ASSETCATALOG_COMPILER_APPICON_NAME = AppIcon;
				INFOPLIST_FILE = ClockAndProgressBar/Info.plist;
				LD_RUNPATH_SEARCH_PATHS = "$(inherited) @executable_path/Frameworks";
				PRODUCT_NAME = "$(TARGET_NAME)";
			};
			name = Debug;
		};
		1599F50719F5D246000E5734 /* Release */ = {
			isa = XCBuildConfiguration;
			buildSettings = {
				ASSETCATALOG_COMPILER_APPICON_NAME = AppIcon;
				INFOPLIST_FILE = ClockAndProgressBar/Info.plist;
				LD_RUNPATH_SEARCH_PATHS = "$(inherited) @executable_path/Frameworks";
				PRODUCT_NAME = "$(TARGET_NAME)";
			};
			name = Release;
		};
		1599F50919F5D246000E5734 /* Debug */ = {
			isa = XCBuildConfiguration;
			buildSettings = {
				BUNDLE_LOADER = "$(TEST_HOST)";
				FRAMEWORK_SEARCH_PATHS = (
					"$(SDKROOT)/Developer/Library/Frameworks",
					"$(inherited)",
				);
				GCC_PREPROCESSOR_DEFINITIONS = (
					"DEBUG=1",
					"$(inherited)",
				);
				INFOPLIST_FILE = ClockAndProgressBarTests/Info.plist;
				LD_RUNPATH_SEARCH_PATHS = "$(inherited) @executable_path/Frameworks @loader_path/Frameworks";
				PRODUCT_NAME = "$(TARGET_NAME)";
				TEST_HOST = "$(BUILT_PRODUCTS_DIR)/ClockAndProgressBar.app/ClockAndProgressBar";
			};
			name = Debug;
		};
		1599F50A19F5D246000E5734 /* Release */ = {
			isa = XCBuildConfiguration;
			buildSettings = {
				BUNDLE_LOADER = "$(TEST_HOST)";
				FRAMEWORK_SEARCH_PATHS = (
					"$(SDKROOT)/Developer/Library/Frameworks",
					"$(inherited)",
				);
				INFOPLIST_FILE = ClockAndProgressBarTests/Info.plist;
				LD_RUNPATH_SEARCH_PATHS = "$(inherited) @executable_path/Frameworks @loader_path/Frameworks";
				PRODUCT_NAME = "$(TARGET_NAME)";
				TEST_HOST = "$(BUILT_PRODUCTS_DIR)/ClockAndProgressBar.app/ClockAndProgressBar";
			};
			name = Release;
		};
/* End XCBuildConfiguration section */

/* Begin XCConfigurationList section */
		1599F4DD19F5D245000E5734 /* Build configuration list for PBXProject "ClockAndProgressBar" */ = {
			isa = XCConfigurationList;
			buildConfigurations = (
				1599F50319F5D246000E5734 /* Debug */,
				1599F50419F5D246000E5734 /* Release */,
			);
			defaultConfigurationIsVisible = 0;
			defaultConfigurationName = Release;
		};
		1599F50519F5D246000E5734 /* Build configuration list for PBXNativeTarget "ClockAndProgressBar" */ = {
			isa = XCConfigurationList;
			buildConfigurations = (
				1599F50619F5D246000E5734 /* Debug */,
				1599F50719F5D246000E5734 /* Release */,
			);
			defaultConfigurationIsVisible = 0;
			defaultConfigurationName = Release;
		};
		1599F50819F5D246000E5734 /* Build configuration list for PBXNativeTarget "ClockAndProgressBarTests" */ = {
			isa = XCConfigurationList;
			buildConfigurations = (
				1599F50919F5D246000E5734 /* Debug */,
				1599F50A19F5D246000E5734 /* Release */,
			);
			defaultConfigurationIsVisible = 0;
			defaultConfigurationName = Release;
		};
/* End XCConfigurationList section */
	};
	rootObject = 1599F4DA19F5D245000E5734 /* Project object */;
}
